// !$*UTF8*$!
{
	archiveVersion = 1;
	classes = {
	};
	objectVersion = 46;
	objects = {

/* Begin PBXBuildFile section */
		0B9810CA1D581FCB008F313C /* AppDelegate.swift in Sources */ = {isa = PBXBuildFile; fileRef = 0B9810C91D581FCB008F313C /* AppDelegate.swift */; };
		0B9810CC1D581FCB008F313C /* ViewController.swift in Sources */ = {isa = PBXBuildFile; fileRef = 0B9810CB1D581FCB008F313C /* ViewController.swift */; };
		0B9810CF1D581FCB008F313C /* Main.storyboard in Resources */ = {isa = PBXBuildFile; fileRef = 0B9810CD1D581FCB008F313C /* Main.storyboard */; };
		0B9810D11D581FCB008F313C /* Assets.xcassets in Resources */ = {isa = PBXBuildFile; fileRef = 0B9810D01D581FCB008F313C /* Assets.xcassets */; };
		0B9810D41D581FCB008F313C /* LaunchScreen.storyboard in Resources */ = {isa = PBXBuildFile; fileRef = 0B9810D21D581FCB008F313C /* LaunchScreen.storyboard */; };
		0B9810DF1D581FCB008F313C /* tic_tac_toeTests.swift in Sources */ = {isa = PBXBuildFile; fileRef = 0B9810DE1D581FCB008F313C /* tic_tac_toeTests.swift */; };
		0B9810EA1D581FCB008F313C /* tic_tac_toeUITests.swift in Sources */ = {isa = PBXBuildFile; fileRef = 0B9810E91D581FCB008F313C /* tic_tac_toeUITests.swift */; };
		0B9810FA1D5820CD008F313C /* board.png in Resources */ = {isa = PBXBuildFile; fileRef = 0B9810F71D5820CD008F313C /* board.png */; };
		0B9810FB1D5820CD008F313C /* o.png in Resources */ = {isa = PBXBuildFile; fileRef = 0B9810F81D5820CD008F313C /* o.png */; };
		0B9810FC1D5820CD008F313C /* x.png in Resources */ = {isa = PBXBuildFile; fileRef = 0B9810F91D5820CD008F313C /* x.png */; };
/* End PBXBuildFile section */

/* Begin PBXContainerItemProxy section */
		0B9810DB1D581FCB008F313C /* PBXContainerItemProxy */ = {
			isa = PBXContainerItemProxy;
			containerPortal = 0B9810BE1D581FCB008F313C /* Project object */;
			proxyType = 1;
			remoteGlobalIDString = 0B9810C51D581FCB008F313C;
			remoteInfo = "tic-tac-toe";
		};
		0B9810E61D581FCB008F313C /* PBXContainerItemProxy */ = {
			isa = PBXContainerItemProxy;
			containerPortal = 0B9810BE1D581FCB008F313C /* Project object */;
			proxyType = 1;
			remoteGlobalIDString = 0B9810C51D581FCB008F313C;
			remoteInfo = "tic-tac-toe";
		};
/* End PBXContainerItemProxy section */

/* Begin PBXFileReference section */
		0B9810C61D581FCB008F313C /* tic-tac-toe.app */ = {isa = PBXFileReference; explicitFileType = wrapper.application; includeInIndex = 0; path = "tic-tac-toe.app"; sourceTree = BUILT_PRODUCTS_DIR; };
		0B9810C91D581FCB008F313C /* AppDelegate.swift */ = {isa = PBXFileReference; lastKnownFileType = sourcecode.swift; path = AppDelegate.swift; sourceTree = "<group>"; };
		0B9810CB1D581FCB008F313C /* ViewController.swift */ = {isa = PBXFileReference; lastKnownFileType = sourcecode.swift; path = ViewController.swift; sourceTree = "<group>"; };
		0B9810CE1D581FCB008F313C /* Base */ = {isa = PBXFileReference; lastKnownFileType = file.storyboard; name = Base; path = Base.lproj/Main.storyboard; sourceTree = "<group>"; };
		0B9810D01D581FCB008F313C /* Assets.xcassets */ = {isa = PBXFileReference; lastKnownFileType = folder.assetcatalog; path = Assets.xcassets; sourceTree = "<group>"; };
		0B9810D31D581FCB008F313C /* Base */ = {isa = PBXFileReference; lastKnownFileType = file.storyboard; name = Base; path = Base.lproj/LaunchScreen.storyboard; sourceTree = "<group>"; };
		0B9810D51D581FCB008F313C /* Info.plist */ = {isa = PBXFileReference; lastKnownFileType = text.plist.xml; path = Info.plist; sourceTree = "<group>"; };
		0B9810DA1D581FCB008F313C /* tic-tac-toeTests.xctest */ = {isa = PBXFileReference; explicitFileType = wrapper.cfbundle; includeInIndex = 0; path = "tic-tac-toeTests.xctest"; sourceTree = BUILT_PRODUCTS_DIR; };
		0B9810DE1D581FCB008F313C /* tic_tac_toeTests.swift */ = {isa = PBXFileReference; lastKnownFileType = sourcecode.swift; path = tic_tac_toeTests.swift; sourceTree = "<group>"; };
		0B9810E01D581FCB008F313C /* Info.plist */ = {isa = PBXFileReference; lastKnownFileType = text.plist.xml; path = Info.plist; sourceTree = "<group>"; };
		0B9810E51D581FCB008F313C /* tic-tac-toeUITests.xctest */ = {isa = PBXFileReference; explicitFileType = wrapper.cfbundle; includeInIndex = 0; path = "tic-tac-toeUITests.xctest"; sourceTree = BUILT_PRODUCTS_DIR; };
		0B9810E91D581FCB008F313C /* tic_tac_toeUITests.swift */ = {isa = PBXFileReference; lastKnownFileType = sourcecode.swift; path = tic_tac_toeUITests.swift; sourceTree = "<group>"; };
		0B9810EB1D581FCB008F313C /* Info.plist */ = {isa = PBXFileReference; lastKnownFileType = text.plist.xml; path = Info.plist; sourceTree = "<group>"; };
		0B9810F71D5820CD008F313C /* board.png */ = {isa = PBXFileReference; lastKnownFileType = image.png; path = board.png; sourceTree = "<group>"; };
		0B9810F81D5820CD008F313C /* o.png */ = {isa = PBXFileReference; lastKnownFileType = image.png; path = o.png; sourceTree = "<group>"; };
		0B9810F91D5820CD008F313C /* x.png */ = {isa = PBXFileReference; lastKnownFileType = image.png; path = x.png; sourceTree = "<group>"; };
/* End PBXFileReference section */

/* Begin PBXFrameworksBuildPhase section */
		0B9810C31D581FCB008F313C /* Frameworks */ = {
			isa = PBXFrameworksBuildPhase;
			buildActionMask = 2147483647;
			files = (
			);
			runOnlyForDeploymentPostprocessing = 0;
		};
		0B9810D71D581FCB008F313C /* Frameworks */ = {
			isa = PBXFrameworksBuildPhase;
			buildActionMask = 2147483647;
			files = (
			);
			runOnlyForDeploymentPostprocessing = 0;
		};
		0B9810E21D581FCB008F313C /* Frameworks */ = {
			isa = PBXFrameworksBuildPhase;
			buildActionMask = 2147483647;
			files = (
			);
			runOnlyForDeploymentPostprocessing = 0;
		};
/* End PBXFrameworksBuildPhase section */

/* Begin PBXGroup section */
		0B9810BD1D581FCB008F313C = {
			isa = PBXGroup;
			children = (
				0B9810C81D581FCB008F313C /* tic-tac-toe */,
				0B9810DD1D581FCB008F313C /* tic-tac-toeTests */,
				0B9810E81D581FCB008F313C /* tic-tac-toeUITests */,
				0B9810C71D581FCB008F313C /* Products */,
			);
			sourceTree = "<group>";
		};
		0B9810C71D581FCB008F313C /* Products */ = {
			isa = PBXGroup;
			children = (
				0B9810C61D581FCB008F313C /* tic-tac-toe.app */,
				0B9810DA1D581FCB008F313C /* tic-tac-toeTests.xctest */,
				0B9810E51D581FCB008F313C /* tic-tac-toeUITests.xctest */,
			);
			name = Products;
			sourceTree = "<group>";
		};
		0B9810C81D581FCB008F313C /* tic-tac-toe */ = {
			isa = PBXGroup;
			children = (
				0B9810C91D581FCB008F313C /* AppDelegate.swift */,
				0B9810CB1D581FCB008F313C /* ViewController.swift */,
				0B9810CD1D581FCB008F313C /* Main.storyboard */,
				0B9810D01D581FCB008F313C /* Assets.xcassets */,
				0B9810D21D581FCB008F313C /* LaunchScreen.storyboard */,
				0B9810F71D5820CD008F313C /* board.png */,
				0B9810F81D5820CD008F313C /* o.png */,
				0B9810F91D5820CD008F313C /* x.png */,
				0B9810D51D581FCB008F313C /* Info.plist */,
			);
			path = "tic-tac-toe";
			sourceTree = "<group>";
		};
		0B9810DD1D581FCB008F313C /* tic-tac-toeTests */ = {
			isa = PBXGroup;
			children = (
				0B9810DE1D581FCB008F313C /* tic_tac_toeTests.swift */,
				0B9810E01D581FCB008F313C /* Info.plist */,
			);
			path = "tic-tac-toeTests";
			sourceTree = "<group>";
		};
		0B9810E81D581FCB008F313C /* tic-tac-toeUITests */ = {
			isa = PBXGroup;
			children = (
				0B9810E91D581FCB008F313C /* tic_tac_toeUITests.swift */,
				0B9810EB1D581FCB008F313C /* Info.plist */,
			);
			path = "tic-tac-toeUITests";
			sourceTree = "<group>";
		};
/* End PBXGroup section */

/* Begin PBXNativeTarget section */
		0B9810C51D581FCB008F313C /* tic-tac-toe */ = {
			isa = PBXNativeTarget;
			buildConfigurationList = 0B9810EE1D581FCB008F313C /* Build configuration list for PBXNativeTarget "tic-tac-toe" */;
			buildPhases = (
				0B9810C21D581FCB008F313C /* Sources */,
				0B9810C31D581FCB008F313C /* Frameworks */,
				0B9810C41D581FCB008F313C /* Resources */,
			);
			buildRules = (
			);
			dependencies = (
			);
			name = "tic-tac-toe";
			productName = "tic-tac-toe";
			productReference = 0B9810C61D581FCB008F313C /* tic-tac-toe.app */;
			productType = "com.apple.product-type.application";
		};
		0B9810D91D581FCB008F313C /* tic-tac-toeTests */ = {
			isa = PBXNativeTarget;
			buildConfigurationList = 0B9810F11D581FCB008F313C /* Build configuration list for PBXNativeTarget "tic-tac-toeTests" */;
			buildPhases = (
				0B9810D61D581FCB008F313C /* Sources */,
				0B9810D71D581FCB008F313C /* Frameworks */,
				0B9810D81D581FCB008F313C /* Resources */,
			);
			buildRules = (
			);
			dependencies = (
				0B9810DC1D581FCB008F313C /* PBXTargetDependency */,
			);
			name = "tic-tac-toeTests";
			productName = "tic-tac-toeTests";
			productReference = 0B9810DA1D581FCB008F313C /* tic-tac-toeTests.xctest */;
			productType = "com.apple.product-type.bundle.unit-test";
		};
		0B9810E41D581FCB008F313C /* tic-tac-toeUITests */ = {
			isa = PBXNativeTarget;
			buildConfigurationList = 0B9810F41D581FCB008F313C /* Build configuration list for PBXNativeTarget "tic-tac-toeUITests" */;
			buildPhases = (
				0B9810E11D581FCB008F313C /* Sources */,
				0B9810E21D581FCB008F313C /* Frameworks */,
				0B9810E31D581FCB008F313C /* Resources */,
			);
			buildRules = (
			);
			dependencies = (
				0B9810E71D581FCB008F313C /* PBXTargetDependency */,
			);
			name = "tic-tac-toeUITests";
			productName = "tic-tac-toeUITests";
			productReference = 0B9810E51D581FCB008F313C /* tic-tac-toeUITests.xctest */;
			productType = "com.apple.product-type.bundle.ui-testing";
		};
/* End PBXNativeTarget section */

/* Begin PBXProject section */
		0B9810BE1D581FCB008F313C /* Project object */ = {
			isa = PBXProject;
			attributes = {
				LastSwiftUpdateCheck = 0730;
				LastUpgradeCheck = 0730;
				ORGANIZATIONNAME = Applife;
				TargetAttributes = {
					0B9810C51D581FCB008F313C = {
						CreatedOnToolsVersion = 7.3.1;
					};
					0B9810D91D581FCB008F313C = {
						CreatedOnToolsVersion = 7.3.1;
						TestTargetID = 0B9810C51D581FCB008F313C;
					};
					0B9810E41D581FCB008F313C = {
						CreatedOnToolsVersion = 7.3.1;
						TestTargetID = 0B9810C51D581FCB008F313C;
					};
				};
			};
			buildConfigurationList = 0B9810C11D581FCB008F313C /* Build configuration list for PBXProject "tic-tac-toe" */;
			compatibilityVersion = "Xcode 3.2";
			developmentRegion = English;
			hasScannedForEncodings = 0;
			knownRegions = (
				en,
				Base,
			);
			mainGroup = 0B9810BD1D581FCB008F313C;
			productRefGroup = 0B9810C71D581FCB008F313C /* Products */;
			projectDirPath = "";
			projectRoot = "";
			targets = (
				0B9810C51D581FCB008F313C /* tic-tac-toe */,
				0B9810D91D581FCB008F313C /* tic-tac-toeTests */,
				0B9810E41D581FCB008F313C /* tic-tac-toeUITests */,
			);
		};
/* End PBXProject section */

/* Begin PBXResourcesBuildPhase section */
		0B9810C41D581FCB008F313C /* Resources */ = {
			isa = PBXResourcesBuildPhase;
			buildActionMask = 2147483647;
			files = (
				0B9810FC1D5820CD008F313C /* x.png in Resources */,
				0B9810FB1D5820CD008F313C /* o.png in Resources */,
				0B9810FA1D5820CD008F313C /* board.png in Resources */,
				0B9810D41D581FCB008F313C /* LaunchScreen.storyboard in Resources */,
				0B9810D11D581FCB008F313C /* Assets.xcassets in Resources */,
				0B9810CF1D581FCB008F313C /* Main.storyboard in Resources */,
			);
			runOnlyForDeploymentPostprocessing = 0;
		};
		0B9810D81D581FCB008F313C /* Resources */ = {
			isa = PBXResourcesBuildPhase;
			buildActionMask = 2147483647;
			files = (
			);
			runOnlyForDeploymentPostprocessing = 0;
		};
		0B9810E31D581FCB008F313C /* Resources */ = {
			isa = PBXResourcesBuildPhase;
			buildActionMask = 2147483647;
			files = (
			);
			runOnlyForDeploymentPostprocessing = 0;
		};
/* End PBXResourcesBuildPhase section */

/* Begin PBXSourcesBuildPhase section */
		0B9810C21D581FCB008F313C /* Sources */ = {
			isa = PBXSourcesBuildPhase;
			buildActionMask = 2147483647;
			files = (
				0B9810CC1D581FCB008F313C /* ViewController.swift in Sources */,
				0B9810CA1D581FCB008F313C /* AppDelegate.swift in Sources */,
			);
			runOnlyForDeploymentPostprocessing = 0;
		};
		0B9810D61D581FCB008F313C /* Sources */ = {
			isa = PBXSourcesBuildPhase;
			buildActionMask = 2147483647;
			files = (
				0B9810DF1D581FCB008F313C /* tic_tac_toeTests.swift in Sources */,
			);
			runOnlyForDeploymentPostprocessing = 0;
		};
		0B9810E11D581FCB008F313C /* Sources */ = {
			isa = PBXSourcesBuildPhase;
			buildActionMask = 2147483647;
			files = (
				0B9810EA1D581FCB008F313C /* tic_tac_toeUITests.swift in Sources */,
			);
			runOnlyForDeploymentPostprocessing = 0;
		};
/* End PBXSourcesBuildPhase section */

/* Begin PBXTargetDependency section */
		0B9810DC1D581FCB008F313C /* PBXTargetDependency */ = {
			isa = PBXTargetDependency;
			target = 0B9810C51D581FCB008F313C /* tic-tac-toe */;
			targetProxy = 0B9810DB1D581FCB008F313C /* PBXContainerItemProxy */;
		};
		0B9810E71D581FCB008F313C /* PBXTargetDependency */ = {
			isa = PBXTargetDependency;
			target = 0B9810C51D581FCB008F313C /* tic-tac-toe */;
			targetProxy = 0B9810E61D581FCB008F313C /* PBXContainerItemProxy */;
		};
/* End PBXTargetDependency section */

/* Begin PBXVariantGroup section */
		0B9810CD1D581FCB008F313C /* Main.storyboard */ = {
			isa = PBXVariantGroup;
			children = (
				0B9810CE1D581FCB008F313C /* Base */,
			);
			name = Main.storyboard;
			sourceTree = "<group>";
		};
		0B9810D21D581FCB008F313C /* LaunchScreen.storyboard */ = {
			isa = PBXVariantGroup;
			children = (
				0B9810D31D581FCB008F313C /* Base */,
			);
			name = LaunchScreen.storyboard;
			sourceTree = "<group>";
		};
/* End PBXVariantGroup section */

/* Begin XCBuildConfiguration section */
		0B9810EC1D581FCB008F313C /* Debug */ = {
			isa = XCBuildConfiguration;
			buildSettings = {
				ALWAYS_SEARCH_USER_PATHS = NO;
				CLANG_ANALYZER_NONNULL = YES;
				CLANG_CXX_LANGUAGE_STANDARD = "gnu++0x";
				CLANG_CXX_LIBRARY = "libc++";
				CLANG_ENABLE_MODULES = YES;
				CLANG_ENABLE_OBJC_ARC = YES;
				CLANG_WARN_BOOL_CONVERSION = YES;
				CLANG_WARN_CONSTANT_CONVERSION = YES;
				CLANG_WARN_DIRECT_OBJC_ISA_USAGE = YES_ERROR;
				CLANG_WARN_EMPTY_BODY = YES;
				CLANG_WARN_ENUM_CONVERSION = YES;
				CLANG_WARN_INT_CONVERSION = YES;
				CLANG_WARN_OBJC_ROOT_CLASS = YES_ERROR;
				CLANG_WARN_UNREACHABLE_CODE = YES;
				CLANG_WARN__DUPLICATE_METHOD_MATCH = YES;
				"CODE_SIGN_IDENTITY[sdk=iphoneos*]" = "iPhone Developer";
				COPY_PHASE_STRIP = NO;
				DEBUG_INFORMATION_FORMAT = dwarf;
				ENABLE_STRICT_OBJC_MSGSEND = YES;
				ENABLE_TESTABILITY = YES;
				GCC_C_LANGUAGE_STANDARD = gnu99;
				GCC_DYNAMIC_NO_PIC = NO;
				GCC_NO_COMMON_BLOCKS = YES;
				GCC_OPTIMIZATION_LEVEL = 0;
				GCC_PREPROCESSOR_DEFINITIONS = (
					"DEBUG=1",
					"$(inherited)",
				);
				GCC_WARN_64_TO_32_BIT_CONVERSION = YES;
				GCC_WARN_ABOUT_RETURN_TYPE = YES_ERROR;
				GCC_WARN_UNDECLARED_SELECTOR = YES;
				GCC_WARN_UNINITIALIZED_AUTOS = YES_AGGRESSIVE;
				GCC_WARN_UNUSED_FUNCTION = YES;
				GCC_WARN_UNUSED_VARIABLE = YES;
				IPHONEOS_DEPLOYMENT_TARGET = 9.3;
				MTL_ENABLE_DEBUG_INFO = YES;
				ONLY_ACTIVE_ARCH = YES;
				SDKROOT = iphoneos;
				SWIFT_OPTIMIZATION_LEVEL = "-Onone";
			};
			name = Debug;
		};
		0B9810ED1D581FCB008F313C /* Release */ = {
			isa = XCBuildConfiguration;
			buildSettings = {
				ALWAYS_SEARCH_USER_PATHS = NO;
				CLANG_ANALYZER_NONNULL = YES;
				CLANG_CXX_LANGUAGE_STANDARD = "gnu++0x";
				CLANG_CXX_LIBRARY = "libc++";
				CLANG_ENABLE_MODULES = YES;
				CLANG_ENABLE_OBJC_ARC = YES;
				CLANG_WARN_BOOL_CONVERSION = YES;
				CLANG_WARN_CONSTANT_CONVERSION = YES;
				CLANG_WARN_DIRECT_OBJC_ISA_USAGE = YES_ERROR;
				CLANG_WARN_EMPTY_BODY = YES;
				CLANG_WARN_ENUM_CONVERSION = YES;
				CLANG_WARN_INT_CONVERSION = YES;
				CLANG_WARN_OBJC_ROOT_CLASS = YES_ERROR;
				CLANG_WARN_UNREACHABLE_CODE = YES;
				CLANG_WARN__DUPLICATE_METHOD_MATCH = YES;
				"CODE_SIGN_IDENTITY[sdk=iphoneos*]" = "iPhone Developer";
				COPY_PHASE_STRIP = NO;
				DEBUG_INFORMATION_FORMAT = "dwarf-with-dsym";
				ENABLE_NS_ASSERTIONS = NO;
				ENABLE_STRICT_OBJC_MSGSEND = YES;
				GCC_C_LANGUAGE_STANDARD = gnu99;
				GCC_NO_COMMON_BLOCKS = YES;
				GCC_WARN_64_TO_32_BIT_CONVERSION = YES;
				GCC_WARN_ABOUT_RETURN_TYPE = YES_ERROR;
				GCC_WARN_UNDECLARED_SELECTOR = YES;
				GCC_WARN_UNINITIALIZED_AUTOS = YES_AGGRESSIVE;
				GCC_WARN_UNUSED_FUNCTION = YES;
				GCC_WARN_UNUSED_VARIABLE = YES;
				IPHONEOS_DEPLOYMENT_TARGET = 9.3;
				MTL_ENABLE_DEBUG_INFO = NO;
				SDKROOT = iphoneos;
				VALIDATE_PRODUCT = YES;
			};
			name = Release;
		};
		0B9810EF1D581FCB008F313C /* Debug */ = {
			isa = XCBuildConfiguration;
			buildSettings = {
				ASSETCATALOG_COMPILER_APPICON_NAME = AppIcon;
				INFOPLIST_FILE = "tic-tac-toe/Info.plist";
				LD_RUNPATH_SEARCH_PATHS = "$(inherited) @executable_path/Frameworks";
				PRODUCT_BUNDLE_IDENTIFIER = "com.applife.tic-tac-toe";
				PRODUCT_NAME = "$(TARGET_NAME)";
			};
			name = Debug;
		};
		0B9810F01D581FCB008F313C /* Release */ = {
			isa = XCBuildConfiguration;
			buildSettings = {
				ASSETCATALOG_COMPILER_APPICON_NAME = AppIcon;
				INFOPLIST_FILE = "tic-tac-toe/Info.plist";
				LD_RUNPATH_SEARCH_PATHS = "$(inherited) @executable_path/Frameworks";
				PRODUCT_BUNDLE_IDENTIFIER = "com.applife.tic-tac-toe";
				PRODUCT_NAME = "$(TARGET_NAME)";
			};
			name = Release;
		};
		0B9810F21D581FCB008F313C /* Debug */ = {
			isa = XCBuildConfiguration;
			buildSettings = {
				BUNDLE_LOADER = "$(TEST_HOST)";
				INFOPLIST_FILE = "tic-tac-toeTests/Info.plist";
				LD_RUNPATH_SEARCH_PATHS = "$(inherited) @executable_path/Frameworks @loader_path/Frameworks";
				PRODUCT_BUNDLE_IDENTIFIER = "com.applife.tic-tac-toeTests";
				PRODUCT_NAME = "$(TARGET_NAME)";
				TEST_HOST = "$(BUILT_PRODUCTS_DIR)/tic-tac-toe.app/tic-tac-toe";
			};
			name = Debug;
		};
		0B9810F31D581FCB008F313C /* Release */ = {
			isa = XCBuildConfiguration;
			buildSettings = {
				BUNDLE_LOADER = "$(TEST_HOST)";
				INFOPLIST_FILE = "tic-tac-toeTests/Info.plist";
				LD_RUNPATH_SEARCH_PATHS = "$(inherited) @executable_path/Frameworks @loader_path/Frameworks";
				PRODUCT_BUNDLE_IDENTIFIER = "com.applife.tic-tac-toeTests";
				PRODUCT_NAME = "$(TARGET_NAME)";
				TEST_HOST = "$(BUILT_PRODUCTS_DIR)/tic-tac-toe.app/tic-tac-toe";
			};
			name = Release;
		};
		0B9810F51D581FCB008F313C /* Debug */ = {
			isa = XCBuildConfiguration;
			buildSettings = {
				INFOPLIST_FILE = "tic-tac-toeUITests/Info.plist";
				LD_RUNPATH_SEARCH_PATHS = "$(inherited) @executable_path/Frameworks @loader_path/Frameworks";
				PRODUCT_BUNDLE_IDENTIFIER = "com.applife.tic-tac-toeUITests";
				PRODUCT_NAME = "$(TARGET_NAME)";
				TEST_TARGET_NAME = "tic-tac-toe";
			};
			name = Debug;
		};
		0B9810F61D581FCB008F313C /* Release */ = {
			isa = XCBuildConfiguration;
			buildSettings = {
				INFOPLIST_FILE = "tic-tac-toeUITests/Info.plist";
				LD_RUNPATH_SEARCH_PATHS = "$(inherited) @executable_path/Frameworks @loader_path/Frameworks";
				PRODUCT_BUNDLE_IDENTIFIER = "com.applife.tic-tac-toeUITests";
				PRODUCT_NAME = "$(TARGET_NAME)";
				TEST_TARGET_NAME = "tic-tac-toe";
			};
			name = Release;
		};
/* End XCBuildConfiguration section */

/* Begin XCConfigurationList section */
		0B9810C11D581FCB008F313C /* Build configuration list for PBXProject "tic-tac-toe" */ = {
			isa = XCConfigurationList;
			buildConfigurations = (
				0B9810EC1D581FCB008F313C /* Debug */,
				0B9810ED1D581FCB008F313C /* Release */,
			);
			defaultConfigurationIsVisible = 0;
			defaultConfigurationName = Release;
		};
		0B9810EE1D581FCB008F313C /* Build configuration list for PBXNativeTarget "tic-tac-toe" */ = {
			isa = XCConfigurationList;
			buildConfigurations = (
				0B9810EF1D581FCB008F313C /* Debug */,
				0B9810F01D581FCB008F313C /* Release */,
			);
			defaultConfigurationIsVisible = 0;
		};
		0B9810F11D581FCB008F313C /* Build configuration list for PBXNativeTarget "tic-tac-toeTests" */ = {
			isa = XCConfigurationList;
			buildConfigurations = (
				0B9810F21D581FCB008F313C /* Debug */,
				0B9810F31D581FCB008F313C /* Release */,
			);
			defaultConfigurationIsVisible = 0;
		};
		0B9810F41D581FCB008F313C /* Build configuration list for PBXNativeTarget "tic-tac-toeUITests" */ = {
			isa = XCConfigurationList;
			buildConfigurations = (
				0B9810F51D581FCB008F313C /* Debug */,
				0B9810F61D581FCB008F313C /* Release */,
			);
			defaultConfigurationIsVisible = 0;
		};
/* End XCConfigurationList section */
	};
	rootObject = 0B9810BE1D581FCB008F313C /* Project object */;
}
